
Microsoft Visual Studio Solution File, Format Version 12.00
# Visual Studio Version 16
VisualStudioVersion = 16.0.32002.261
MinimumVisualStudioVersion = 10.0.40219.1
Project("{FAE04EC0-301F-11D3-BF4B-00C04F79EFBC}") = "WebApplication_SAP_ChatBot", "WebApplication_SAP_ChatBot.csproj", "{D332FCED-4C42-4E98-9873-FC7C6349BBC1}"
EndProject
Global
	GlobalSection(SolutionConfigurationPlatforms) = preSolution
		Debug|Any CPU = Debug|Any CPU
		Release|Any CPU = Release|Any CPU
	EndGlobalSection
	GlobalSection(ProjectConfigurationPlatforms) = postSolution
		{D332FCED-4C42-4E98-9873-FC7C6349BBC1}.Debug|Any CPU.ActiveCfg = Debug|Any CPU
		{D332FCED-4C42-4E98-9873-FC7C6349BBC1}.Debug|Any CPU.Build.0 = Debug|Any CPU
		{D332FCED-4C42-4E98-9873-FC7C6349BBC1}.Release|Any CPU.ActiveCfg = Release|Any CPU
		{D332FCED-4C42-4E98-9873-FC7C6349BBC1}.Release|Any CPU.Build.0 = Release|Any CPU
	EndGlobalSection
	GlobalSection(SolutionProperties) = preSolution
		HideSolutionNode = FALSE
	EndGlobalSection
	GlobalSection(ExtensibilityGlobals) = postSolution
		SolutionGuid = {C3E74DDB-55E4-4659-87F6-EA52A13A456F}
	EndGlobalSection
EndGlobal
